
Microsoft Visual Studio Solution File, Format Version 12.00
# Visual Studio Version 17
VisualStudioVersion = 17.10.35013.160
MinimumVisualStudioVersion = 10.0.40219.1
Project("{FAE04EC0-301F-11D3-BF4B-00C04F79EFBC}") = "LanchesMac", "LanchesMac\LanchesMac.csproj", "{4AC9E9C2-A04F-484F-BF11-1421B1EDFFE8}"
EndProject
Global
	GlobalSection(SolutionConfigurationPlatforms) = preSolution
		Debug|Any CPU = Debug|Any CPU
		Release|Any CPU = Release|Any CPU
	EndGlobalSection
	GlobalSection(ProjectConfigurationPlatforms) = postSolution
		{4AC9E9C2-A04F-484F-BF11-1421B1EDFFE8}.Debug|Any CPU.ActiveCfg = Debug|Any CPU
		{4AC9E9C2-A04F-484F-BF11-1421B1EDFFE8}.Debug|Any CPU.Build.0 = Debug|Any CPU
		{4AC9E9C2-A04F-484F-BF11-1421B1EDFFE8}.Release|Any CPU.ActiveCfg = Release|Any CPU
		{4AC9E9C2-A04F-484F-BF11-1421B1EDFFE8}.Release|Any CPU.Build.0 = Release|Any CPU
	EndGlobalSection
	GlobalSection(SolutionProperties) = preSolution
		HideSolutionNode = FALSE
	EndGlobalSection
	GlobalSection(ExtensibilityGlobals) = postSolution
		SolutionGuid = {F1F6F928-C6D5-4E44-9F84-1ABA401E0AC0}
	EndGlobalSection
EndGlobal
