
Microsoft Visual Studio Solution File, Format Version 12.00
# Visual Studio Version 17
VisualStudioVersion = 17.10.35013.160
MinimumVisualStudioVersion = 10.0.40219.1
Project("{FAE04EC0-301F-11D3-BF4B-00C04F79EFBC}") = "MVC_2022", "MVC_2022\MVC_2022.csproj", "{3D88BC09-BC80-4248-9F5A-7EF22811428D}"
EndProject
Global
	GlobalSection(SolutionConfigurationPlatforms) = preSolution
		Debug|Any CPU = Debug|Any CPU
		Release|Any CPU = Release|Any CPU
	EndGlobalSection
	GlobalSection(ProjectConfigurationPlatforms) = postSolution
		{3D88BC09-BC80-4248-9F5A-7EF22811428D}.Debug|Any CPU.ActiveCfg = Debug|Any CPU
		{3D88BC09-BC80-4248-9F5A-7EF22811428D}.Debug|Any CPU.Build.0 = Debug|Any CPU
		{3D88BC09-BC80-4248-9F5A-7EF22811428D}.Release|Any CPU.ActiveCfg = Release|Any CPU
		{3D88BC09-BC80-4248-9F5A-7EF22811428D}.Release|Any CPU.Build.0 = Release|Any CPU
	EndGlobalSection
	GlobalSection(SolutionProperties) = preSolution
		HideSolutionNode = FALSE
	EndGlobalSection
	GlobalSection(ExtensibilityGlobals) = postSolution
		SolutionGuid = {7595C133-0AE9-4F89-A673-959F36B6C04F}
	EndGlobalSection
EndGlobal
